{
  "name": "mct1-server",
  "version": "1.0.0",
  "lockfileVersion": 1,
  "requires": true,
  "dependencies": {
    "@magikcraft/mct1": {
      "version": "0.1.1",
      "resolved": "https://registry.npmjs.org/@magikcraft/mct1/-/mct1-0.1.1.tgz",
      "integrity": "sha512-tm5jlrX5D9wkQb3cIjWKu7R/H6/vEtHGDEkGr7/wJFl1O8ovo3Ytrzfh3FxZubfp7FdZVQA6vCnYyMP3s+T5NQ==",
      "requires": {
        "@scriptcraft/types": "^1.0.0"
      }
    },
    "@scriptcraft/types": {
      "version": "1.0.1",
      "resolved": "https://registry.npmjs.org/@scriptcraft/types/-/types-1.0.1.tgz",
      "integrity": "sha512-Lardm0M4qQe+UcrGBNdsOIWFcyAf2nX2p1s0UvZoJp057YDs4FpLFR6V86hht7d2lrLJpHQtgohIa6OrytjUUg=="
    }
  }
}
